
Microsoft Visual Studio Solution File, Format Version 12.00
# Visual Studio Version 16
VisualStudioVersion = 16.0.29215.179
MinimumVisualStudioVersion = 10.0.40219.1
Project("{FAE04EC0-301F-11D3-BF4B-00C04F79EFBC}") = "TexRec", "TexRec\TexRec.csproj", "{AEEC89D3-A219-41FD-BA44-7DC398DDE36C}"
EndProject
Project("{FAE04EC0-301F-11D3-BF4B-00C04F79EFBC}") = "FileAndDirWorker", "FileAndDirWorker\FileAndDirWorker.csproj", "{E39AF872-29CE-48DB-A929-EFEC2DAA6062}"
EndProject
Project("{FAE04EC0-301F-11D3-BF4B-00C04F79EFBC}") = "ImageProcessor", "ImageProcessor\ImageProcessor.csproj", "{1E7EEE8A-1EEB-4E82-9533-989CB866240B}"
EndProject
Project("{2150E333-8FDC-42A3-9474-1A3956D46DE8}") = "Solution Items", "Solution Items", "{D59DF3A1-064A-4DDE-82BE-29949A80B7A0}"
	ProjectSection(SolutionItems) = preProject
		Changelog.txt = Changelog.txt
	EndProjectSection
EndProject
Project("{FAE04EC0-301F-11D3-BF4B-00C04F79EFBC}") = "NeuralRecognizer", "NeuralRecognizer\NeuralRecognizer.csproj", "{6AB8C9E3-2AF6-41DD-8DB0-CAE1F6111AC1}"
EndProject
Project("{FAE04EC0-301F-11D3-BF4B-00C04F79EFBC}") = "WordProcessor", "WordProcessor\WordProcessor.csproj", "{7F0C919D-284C-4641-9F4B-D0A0AF3DAFD0}"
EndProject
Global
	GlobalSection(SolutionConfigurationPlatforms) = preSolution
		Debug|Any CPU = Debug|Any CPU
		Release|Any CPU = Release|Any CPU
	EndGlobalSection
	GlobalSection(ProjectConfigurationPlatforms) = postSolution
		{AEEC89D3-A219-41FD-BA44-7DC398DDE36C}.Debug|Any CPU.ActiveCfg = Debug|Any CPU
		{AEEC89D3-A219-41FD-BA44-7DC398DDE36C}.Debug|Any CPU.Build.0 = Debug|Any CPU
		{AEEC89D3-A219-41FD-BA44-7DC398DDE36C}.Release|Any CPU.ActiveCfg = Release|Any CPU
		{AEEC89D3-A219-41FD-BA44-7DC398DDE36C}.Release|Any CPU.Build.0 = Release|Any CPU
		{E39AF872-29CE-48DB-A929-EFEC2DAA6062}.Debug|Any CPU.ActiveCfg = Debug|Any CPU
		{E39AF872-29CE-48DB-A929-EFEC2DAA6062}.Debug|Any CPU.Build.0 = Debug|Any CPU
		{E39AF872-29CE-48DB-A929-EFEC2DAA6062}.Release|Any CPU.ActiveCfg = Release|Any CPU
		{E39AF872-29CE-48DB-A929-EFEC2DAA6062}.Release|Any CPU.Build.0 = Release|Any CPU
		{1E7EEE8A-1EEB-4E82-9533-989CB866240B}.Debug|Any CPU.ActiveCfg = Debug|Any CPU
		{1E7EEE8A-1EEB-4E82-9533-989CB866240B}.Debug|Any CPU.Build.0 = Debug|Any CPU
		{1E7EEE8A-1EEB-4E82-9533-989CB866240B}.Release|Any CPU.ActiveCfg = Release|Any CPU
		{1E7EEE8A-1EEB-4E82-9533-989CB866240B}.Release|Any CPU.Build.0 = Release|Any CPU
		{6AB8C9E3-2AF6-41DD-8DB0-CAE1F6111AC1}.Debug|Any CPU.ActiveCfg = Debug|Any CPU
		{6AB8C9E3-2AF6-41DD-8DB0-CAE1F6111AC1}.Debug|Any CPU.Build.0 = Debug|Any CPU
		{6AB8C9E3-2AF6-41DD-8DB0-CAE1F6111AC1}.Release|Any CPU.ActiveCfg = Release|Any CPU
		{6AB8C9E3-2AF6-41DD-8DB0-CAE1F6111AC1}.Release|Any CPU.Build.0 = Release|Any CPU
		{7F0C919D-284C-4641-9F4B-D0A0AF3DAFD0}.Debug|Any CPU.ActiveCfg = Debug|Any CPU
		{7F0C919D-284C-4641-9F4B-D0A0AF3DAFD0}.Debug|Any CPU.Build.0 = Debug|Any CPU
		{7F0C919D-284C-4641-9F4B-D0A0AF3DAFD0}.Release|Any CPU.ActiveCfg = Release|Any CPU
		{7F0C919D-284C-4641-9F4B-D0A0AF3DAFD0}.Release|Any CPU.Build.0 = Release|Any CPU
	EndGlobalSection
	GlobalSection(SolutionProperties) = preSolution
		HideSolutionNode = FALSE
	EndGlobalSection
	GlobalSection(ExtensibilityGlobals) = postSolution
		SolutionGuid = {157560EF-3C75-46EF-8D5D-98D4DB96B3FC}
	EndGlobalSection
EndGlobal
